
Microsoft Visual Studio Solution File, Format Version 12.00
# Visual Studio Version 16
VisualStudioVersion = 16.0.33801.447
MinimumVisualStudioVersion = 10.0.40219.1
Project("{FAE04EC0-301F-11D3-BF4B-00C04F79EFBC}") = "Section_6_ArraysAndLists_CodingExercises", "Section_6_ArraysAndLists_CodingExercises.csproj", "{815DEF1C-8254-4FBC-B95B-F0304C1145FF}"
EndProject
Global
	GlobalSection(SolutionConfigurationPlatforms) = preSolution
		Debug|Any CPU = Debug|Any CPU
		Release|Any CPU = Release|Any CPU
	EndGlobalSection
	GlobalSection(ProjectConfigurationPlatforms) = postSolution
		{815DEF1C-8254-4FBC-B95B-F0304C1145FF}.Debug|Any CPU.ActiveCfg = Debug|Any CPU
		{815DEF1C-8254-4FBC-B95B-F0304C1145FF}.Debug|Any CPU.Build.0 = Debug|Any CPU
		{815DEF1C-8254-4FBC-B95B-F0304C1145FF}.Release|Any CPU.ActiveCfg = Release|Any CPU
		{815DEF1C-8254-4FBC-B95B-F0304C1145FF}.Release|Any CPU.Build.0 = Release|Any CPU
	EndGlobalSection
	GlobalSection(SolutionProperties) = preSolution
		HideSolutionNode = FALSE
	EndGlobalSection
	GlobalSection(ExtensibilityGlobals) = postSolution
		SolutionGuid = {14F67188-5BF4-4C15-8363-831320F1260F}
	EndGlobalSection
EndGlobal
